schema: '2.0'
stages:
  data_ingestion:
    cmd: python src/data/data_ingestion.py
    deps:
    - path: src/data/data_ingestion.py
      hash: md5
      md5: f82a126b6c500c2a401076531877c1b4
      size: 2999
    params:
      params.yaml:
        data_ingestion.data_size: 1000
    outs:
    - path: data/raw
      hash: md5
      md5: ccd561caa2f563061d756d78d784ca86.dir
      size: 565519
      nfiles: 1
  data_preprocessing:
    cmd: python src/data/data_preprocessing.py
    deps:
    - path: data/raw
      hash: md5
      md5: ccd561caa2f563061d756d78d784ca86.dir
      size: 565519
      nfiles: 1
    - path: src/data/data_preprocessing.py
      hash: md5
      md5: 87fb9623f36452248872df647e8c7319
      size: 2697
    outs:
    - path: data/interim
      hash: md5
      md5: 1959d9f7784b432ab903d227628879fb.dir
      size: 1035806
      nfiles: 1
  feature_engineering:
    cmd: python src/features/feature_engineering.py
    deps:
    - path: data/interim
      hash: md5
      md5: 1959d9f7784b432ab903d227628879fb.dir
      size: 1035806
      nfiles: 1
    - path: src/features/feature_engineering.py
      hash: md5
      md5: b2ba98f7899680cd8fa280e0c599b693
      size: 4035
    params:
      params.yaml:
        feature_engineering.max_features: 5000
    outs:
    - path: data/processed
      hash: md5
      md5: c498c1ed7a78980970ed88657b991ab0.dir
      size: 206268
      nfiles: 1
  model_building:
    cmd: python src/model/model_building.py
    deps:
    - path: data/processed
      hash: md5
      md5: c498c1ed7a78980970ed88657b991ab0.dir
      size: 206268
      nfiles: 1
    - path: src/model/model_building.py
      hash: md5
      md5: 832eb5f3d9cac8ba29ecf17ffe09efa3
      size: 2795
    outs:
    - path: model/cosine_similarity.pkl
      hash: md5
      md5: 00bd3c577fb01e6a594aa553ecebcf08
      size: 8000596
  model_evaluation:
    cmd: python src/model/model_evaluation.py
    deps:
    - path: model/cosine_similarity.pkl
      hash: md5
      md5: 00bd3c577fb01e6a594aa553ecebcf08
      size: 8000596
    - path: src/model/model_evaluation.py
      hash: md5
      md5: c9c9e0322e4925eb729e6ff0b1e57e03
      size: 9233
    outs:
    - path: reports/metrics.json
      hash: md5
      md5: 821a85a8722973c338cc2146c0c4b31c
      size: 1577
    - path: reports/model_info.json
      hash: md5
      md5: 58747860741e862008f1e5271b3699ce
      size: 104
  model_registration:
    cmd: python src/model/register_model.py
    deps:
    - path: reports/model_info.json
      hash: md5
      md5: 58747860741e862008f1e5271b3699ce
      size: 104
    - path: src/model/register_model.py
      hash: md5
      md5: 2dbeb02c49d819934f30a25dc33c45c5
      size: 3232
